
Microsoft Visual Studio Solution File, Format Version 12.00
# Visual Studio Version 17
VisualStudioVersion = 17.11.35327.3
MinimumVisualStudioVersion = 10.0.40219.1
Project("{FAE04EC0-301F-11D3-BF4B-00C04F79EFBC}") = "BeeMain", "BeeMain.csproj", "{D887E386-682F-492D-8B9D-765D34C162C6}"
EndProject
Project("{FAE04EC0-301F-11D3-BF4B-00C04F79EFBC}") = "BeeCore", "BeeCore\BeeCore.csproj", "{AC6E4007-F2A0-49F3-B777-DDE4C58C5ADC}"
EndProject
Project("{FAE04EC0-301F-11D3-BF4B-00C04F79EFBC}") = "BeeUi", "BeeUi\BeeUi.csproj", "{1ADACEB7-CB42-4600-ADAB-D5223651FE9A}"
EndProject
Project("{8BC9CEB8-8B4A-11D0-8D11-00A0C91BC942}") = "BeeCV", "BeeCV\BeeCV.vcxproj", "{EF3F0D87-D9D4-4971-A005-1899D08ED33C}"
EndProject
Project("{FAE04EC0-301F-11D3-BF4B-00C04F79EFBC}") = "BeeInterface", "BeeInterface\BeeInterface.csproj", "{371880B0-E9F2-464B-A521-DC6D4F4A6C0D}"
EndProject
Project("{FAE04EC0-301F-11D3-BF4B-00C04F79EFBC}") = "BeeGlobal", "BeeGlobal\BeeGlobal.csproj", "{8CAF143E-0DE7-4856-B0B8-FD22932A3C22}"
EndProject
Project("{FAE04EC0-301F-11D3-BF4B-00C04F79EFBC}") = "BeeTest", "BeeTest\BeeTest.csproj", "{63323556-7B47-4F76-9B9F-D23AE4AA7CEC}"
EndProject
Project("{FAE04EC0-301F-11D3-BF4B-00C04F79EFBC}") = "BeeUpdate", "BeeUpdate\BeeUpdate.csproj", "{5B39402C-FCBE-4A68-A528-B09AD1A50AA9}"
EndProject
Project("{FAE04EC0-301F-11D3-BF4B-00C04F79EFBC}") = "Update", "Update\Update.csproj", "{5BAE70E4-AEEA-49F5-83D2-CD663CCEDCA2}"
EndProject
Global
	GlobalSection(SolutionConfigurationPlatforms) = preSolution
		Debug_4.X|Any CPU = Debug_4.X|Any CPU
		Debug_4.X|ARM = Debug_4.X|ARM
		Debug_4.X|ARM64 = Debug_4.X|ARM64
		Debug_4.X|x64 = Debug_4.X|x64
		Debug_4.X|x86 = Debug_4.X|x86
		Debug|Any CPU = Debug|Any CPU
		Debug|ARM = Debug|ARM
		Debug|ARM64 = Debug|ARM64
		Debug|x64 = Debug|x64
		Debug|x86 = Debug|x86
		Release_4.X|Any CPU = Release_4.X|Any CPU
		Release_4.X|ARM = Release_4.X|ARM
		Release_4.X|ARM64 = Release_4.X|ARM64
		Release_4.X|x64 = Release_4.X|x64
		Release_4.X|x86 = Release_4.X|x86
		Release|Any CPU = Release|Any CPU
		Release|ARM = Release|ARM
		Release|ARM64 = Release|ARM64
		Release|x64 = Release|x64
		Release|x86 = Release|x86
	EndGlobalSection
	GlobalSection(ProjectConfigurationPlatforms) = postSolution
		{D887E386-682F-492D-8B9D-765D34C162C6}.Debug_4.X|Any CPU.ActiveCfg = Debug|Any CPU
		{D887E386-682F-492D-8B9D-765D34C162C6}.Debug_4.X|Any CPU.Build.0 = Debug|Any CPU
		{D887E386-682F-492D-8B9D-765D34C162C6}.Debug_4.X|ARM.ActiveCfg = Debug|Any CPU
		{D887E386-682F-492D-8B9D-765D34C162C6}.Debug_4.X|ARM.Build.0 = Debug|Any CPU
		{D887E386-682F-492D-8B9D-765D34C162C6}.Debug_4.X|ARM64.ActiveCfg = Debug|Any CPU
		{D887E386-682F-492D-8B9D-765D34C162C6}.Debug_4.X|ARM64.Build.0 = Debug|Any CPU
		{D887E386-682F-492D-8B9D-765D34C162C6}.Debug_4.X|x64.ActiveCfg = Debug|Any CPU
		{D887E386-682F-492D-8B9D-765D34C162C6}.Debug_4.X|x64.Build.0 = Debug|Any CPU
		{D887E386-682F-492D-8B9D-765D34C162C6}.Debug_4.X|x86.ActiveCfg = Debug|Any CPU
		{D887E386-682F-492D-8B9D-765D34C162C6}.Debug_4.X|x86.Build.0 = Debug|Any CPU
		{D887E386-682F-492D-8B9D-765D34C162C6}.Debug|Any CPU.ActiveCfg = Debug|Any CPU
		{D887E386-682F-492D-8B9D-765D34C162C6}.Debug|Any CPU.Build.0 = Debug|Any CPU
		{D887E386-682F-492D-8B9D-765D34C162C6}.Debug|ARM.ActiveCfg = Debug|Any CPU
		{D887E386-682F-492D-8B9D-765D34C162C6}.Debug|ARM.Build.0 = Debug|Any CPU
		{D887E386-682F-492D-8B9D-765D34C162C6}.Debug|ARM64.ActiveCfg = Debug|Any CPU
		{D887E386-682F-492D-8B9D-765D34C162C6}.Debug|x64.ActiveCfg = Debug|Any CPU
		{D887E386-682F-492D-8B9D-765D34C162C6}.Debug|x64.Build.0 = Debug|Any CPU
		{D887E386-682F-492D-8B9D-765D34C162C6}.Debug|x86.ActiveCfg = Debug|Any CPU
		{D887E386-682F-492D-8B9D-765D34C162C6}.Debug|x86.Build.0 = Debug|Any CPU
		{D887E386-682F-492D-8B9D-765D34C162C6}.Release_4.X|Any CPU.ActiveCfg = Release|Any CPU
		{D887E386-682F-492D-8B9D-765D34C162C6}.Release_4.X|Any CPU.Build.0 = Release|Any CPU
		{D887E386-682F-492D-8B9D-765D34C162C6}.Release_4.X|ARM.ActiveCfg = Release|Any CPU
		{D887E386-682F-492D-8B9D-765D34C162C6}.Release_4.X|ARM.Build.0 = Release|Any CPU
		{D887E386-682F-492D-8B9D-765D34C162C6}.Release_4.X|ARM64.ActiveCfg = Release|Any CPU
		{D887E386-682F-492D-8B9D-765D34C162C6}.Release_4.X|ARM64.Build.0 = Release|Any CPU
		{D887E386-682F-492D-8B9D-765D34C162C6}.Release_4.X|x64.ActiveCfg = Release|Any CPU
		{D887E386-682F-492D-8B9D-765D34C162C6}.Release_4.X|x64.Build.0 = Release|Any CPU
		{D887E386-682F-492D-8B9D-765D34C162C6}.Release_4.X|x86.ActiveCfg = Release|Any CPU
		{D887E386-682F-492D-8B9D-765D34C162C6}.Release_4.X|x86.Build.0 = Release|Any CPU
		{D887E386-682F-492D-8B9D-765D34C162C6}.Release|Any CPU.ActiveCfg = Release|Any CPU
		{D887E386-682F-492D-8B9D-765D34C162C6}.Release|Any CPU.Build.0 = Release|Any CPU
		{D887E386-682F-492D-8B9D-765D34C162C6}.Release|ARM.ActiveCfg = Release|Any CPU
		{D887E386-682F-492D-8B9D-765D34C162C6}.Release|ARM.Build.0 = Release|Any CPU
		{D887E386-682F-492D-8B9D-765D34C162C6}.Release|ARM64.ActiveCfg = Release|Any CPU
		{D887E386-682F-492D-8B9D-765D34C162C6}.Release|ARM64.Build.0 = Release|Any CPU
		{D887E386-682F-492D-8B9D-765D34C162C6}.Release|x64.ActiveCfg = Release|Any CPU
		{D887E386-682F-492D-8B9D-765D34C162C6}.Release|x64.Build.0 = Release|Any CPU
		{D887E386-682F-492D-8B9D-765D34C162C6}.Release|x86.ActiveCfg = Release|Any CPU
		{D887E386-682F-492D-8B9D-765D34C162C6}.Release|x86.Build.0 = Release|Any CPU
		{AC6E4007-F2A0-49F3-B777-DDE4C58C5ADC}.Debug_4.X|Any CPU.ActiveCfg = Debug|Any CPU
		{AC6E4007-F2A0-49F3-B777-DDE4C58C5ADC}.Debug_4.X|Any CPU.Build.0 = Debug|Any CPU
		{AC6E4007-F2A0-49F3-B777-DDE4C58C5ADC}.Debug_4.X|ARM.ActiveCfg = Debug|Any CPU
		{AC6E4007-F2A0-49F3-B777-DDE4C58C5ADC}.Debug_4.X|ARM.Build.0 = Debug|Any CPU
		{AC6E4007-F2A0-49F3-B777-DDE4C58C5ADC}.Debug_4.X|ARM64.ActiveCfg = Debug|Any CPU
		{AC6E4007-F2A0-49F3-B777-DDE4C58C5ADC}.Debug_4.X|ARM64.Build.0 = Debug|Any CPU
		{AC6E4007-F2A0-49F3-B777-DDE4C58C5ADC}.Debug_4.X|x64.ActiveCfg = Debug|Any CPU
		{AC6E4007-F2A0-49F3-B777-DDE4C58C5ADC}.Debug_4.X|x64.Build.0 = Debug|Any CPU
		{AC6E4007-F2A0-49F3-B777-DDE4C58C5ADC}.Debug_4.X|x86.ActiveCfg = Debug|Any CPU
		{AC6E4007-F2A0-49F3-B777-DDE4C58C5ADC}.Debug_4.X|x86.Build.0 = Debug|Any CPU
		{AC6E4007-F2A0-49F3-B777-DDE4C58C5ADC}.Debug|Any CPU.ActiveCfg = Debug|x64
		{AC6E4007-F2A0-49F3-B777-DDE4C58C5ADC}.Debug|Any CPU.Build.0 = Debug|x64
		{AC6E4007-F2A0-49F3-B777-DDE4C58C5ADC}.Debug|ARM.ActiveCfg = Debug|Any CPU
		{AC6E4007-F2A0-49F3-B777-DDE4C58C5ADC}.Debug|ARM.Build.0 = Debug|Any CPU
		{AC6E4007-F2A0-49F3-B777-DDE4C58C5ADC}.Debug|ARM64.ActiveCfg = Debug|Any CPU
		{AC6E4007-F2A0-49F3-B777-DDE4C58C5ADC}.Debug|x64.ActiveCfg = Debug|x64
		{AC6E4007-F2A0-49F3-B777-DDE4C58C5ADC}.Debug|x64.Build.0 = Debug|x64
		{AC6E4007-F2A0-49F3-B777-DDE4C58C5ADC}.Debug|x86.ActiveCfg = Debug|Any CPU
		{AC6E4007-F2A0-49F3-B777-DDE4C58C5ADC}.Debug|x86.Build.0 = Debug|Any CPU
		{AC6E4007-F2A0-49F3-B777-DDE4C58C5ADC}.Release_4.X|Any CPU.ActiveCfg = Release|Any CPU
		{AC6E4007-F2A0-49F3-B777-DDE4C58C5ADC}.Release_4.X|Any CPU.Build.0 = Release|Any CPU
		{AC6E4007-F2A0-49F3-B777-DDE4C58C5ADC}.Release_4.X|ARM.ActiveCfg = Release|Any CPU
		{AC6E4007-F2A0-49F3-B777-DDE4C58C5ADC}.Release_4.X|ARM.Build.0 = Release|Any CPU
		{AC6E4007-F2A0-49F3-B777-DDE4C58C5ADC}.Release_4.X|ARM64.ActiveCfg = Release|Any CPU
		{AC6E4007-F2A0-49F3-B777-DDE4C58C5ADC}.Release_4.X|ARM64.Build.0 = Release|Any CPU
		{AC6E4007-F2A0-49F3-B777-DDE4C58C5ADC}.Release_4.X|x64.ActiveCfg = Release|Any CPU
		{AC6E4007-F2A0-49F3-B777-DDE4C58C5ADC}.Release_4.X|x64.Build.0 = Release|Any CPU
		{AC6E4007-F2A0-49F3-B777-DDE4C58C5ADC}.Release_4.X|x86.ActiveCfg = Release|Any CPU
		{AC6E4007-F2A0-49F3-B777-DDE4C58C5ADC}.Release_4.X|x86.Build.0 = Release|Any CPU
		{AC6E4007-F2A0-49F3-B777-DDE4C58C5ADC}.Release|Any CPU.ActiveCfg = Release|x64
		{AC6E4007-F2A0-49F3-B777-DDE4C58C5ADC}.Release|Any CPU.Build.0 = Release|x64
		{AC6E4007-F2A0-49F3-B777-DDE4C58C5ADC}.Release|ARM.ActiveCfg = Release|Any CPU
		{AC6E4007-F2A0-49F3-B777-DDE4C58C5ADC}.Release|ARM.Build.0 = Release|Any CPU
		{AC6E4007-F2A0-49F3-B777-DDE4C58C5ADC}.Release|ARM64.ActiveCfg = Release|Any CPU
		{AC6E4007-F2A0-49F3-B777-DDE4C58C5ADC}.Release|ARM64.Build.0 = Release|Any CPU
		{AC6E4007-F2A0-49F3-B777-DDE4C58C5ADC}.Release|x64.ActiveCfg = Release|Any CPU
		{AC6E4007-F2A0-49F3-B777-DDE4C58C5ADC}.Release|x64.Build.0 = Release|Any CPU
		{AC6E4007-F2A0-49F3-B777-DDE4C58C5ADC}.Release|x86.ActiveCfg = Release|Any CPU
		{AC6E4007-F2A0-49F3-B777-DDE4C58C5ADC}.Release|x86.Build.0 = Release|Any CPU
		{1ADACEB7-CB42-4600-ADAB-D5223651FE9A}.Debug_4.X|Any CPU.ActiveCfg = Debug|Any CPU
		{1ADACEB7-CB42-4600-ADAB-D5223651FE9A}.Debug_4.X|Any CPU.Build.0 = Debug|Any CPU
		{1ADACEB7-CB42-4600-ADAB-D5223651FE9A}.Debug_4.X|ARM.ActiveCfg = Debug|Any CPU
		{1ADACEB7-CB42-4600-ADAB-D5223651FE9A}.Debug_4.X|ARM.Build.0 = Debug|Any CPU
		{1ADACEB7-CB42-4600-ADAB-D5223651FE9A}.Debug_4.X|ARM64.ActiveCfg = Debug|Any CPU
		{1ADACEB7-CB42-4600-ADAB-D5223651FE9A}.Debug_4.X|ARM64.Build.0 = Debug|Any CPU
		{1ADACEB7-CB42-4600-ADAB-D5223651FE9A}.Debug_4.X|x64.ActiveCfg = Debug|x64
		{1ADACEB7-CB42-4600-ADAB-D5223651FE9A}.Debug_4.X|x64.Build.0 = Debug|x64
		{1ADACEB7-CB42-4600-ADAB-D5223651FE9A}.Debug_4.X|x86.ActiveCfg = Debug|Any CPU
		{1ADACEB7-CB42-4600-ADAB-D5223651FE9A}.Debug_4.X|x86.Build.0 = Debug|Any CPU
		{1ADACEB7-CB42-4600-ADAB-D5223651FE9A}.Debug|Any CPU.ActiveCfg = Debug|Any CPU
		{1ADACEB7-CB42-4600-ADAB-D5223651FE9A}.Debug|Any CPU.Build.0 = Debug|Any CPU
		{1ADACEB7-CB42-4600-ADAB-D5223651FE9A}.Debug|ARM.ActiveCfg = Debug|Any CPU
		{1ADACEB7-CB42-4600-ADAB-D5223651FE9A}.Debug|ARM.Build.0 = Debug|Any CPU
		{1ADACEB7-CB42-4600-ADAB-D5223651FE9A}.Debug|ARM64.ActiveCfg = Debug|Any CPU
		{1ADACEB7-CB42-4600-ADAB-D5223651FE9A}.Debug|x64.ActiveCfg = Debug|x64
		{1ADACEB7-CB42-4600-ADAB-D5223651FE9A}.Debug|x64.Build.0 = Debug|x64
		{1ADACEB7-CB42-4600-ADAB-D5223651FE9A}.Debug|x86.ActiveCfg = Debug|Any CPU
		{1ADACEB7-CB42-4600-ADAB-D5223651FE9A}.Debug|x86.Build.0 = Debug|Any CPU
		{1ADACEB7-CB42-4600-ADAB-D5223651FE9A}.Release_4.X|Any CPU.ActiveCfg = Release|Any CPU
		{1ADACEB7-CB42-4600-ADAB-D5223651FE9A}.Release_4.X|Any CPU.Build.0 = Release|Any CPU
		{1ADACEB7-CB42-4600-ADAB-D5223651FE9A}.Release_4.X|ARM.ActiveCfg = Release|Any CPU
		{1ADACEB7-CB42-4600-ADAB-D5223651FE9A}.Release_4.X|ARM.Build.0 = Release|Any CPU
		{1ADACEB7-CB42-4600-ADAB-D5223651FE9A}.Release_4.X|ARM64.ActiveCfg = Release|Any CPU
		{1ADACEB7-CB42-4600-ADAB-D5223651FE9A}.Release_4.X|ARM64.Build.0 = Release|Any CPU
		{1ADACEB7-CB42-4600-ADAB-D5223651FE9A}.Release_4.X|x64.ActiveCfg = Release|x64
		{1ADACEB7-CB42-4600-ADAB-D5223651FE9A}.Release_4.X|x64.Build.0 = Release|x64
		{1ADACEB7-CB42-4600-ADAB-D5223651FE9A}.Release_4.X|x86.ActiveCfg = Release|Any CPU
		{1ADACEB7-CB42-4600-ADAB-D5223651FE9A}.Release_4.X|x86.Build.0 = Release|Any CPU
		{1ADACEB7-CB42-4600-ADAB-D5223651FE9A}.Release|Any CPU.ActiveCfg = Release|Any CPU
		{1ADACEB7-CB42-4600-ADAB-D5223651FE9A}.Release|Any CPU.Build.0 = Release|Any CPU
		{1ADACEB7-CB42-4600-ADAB-D5223651FE9A}.Release|ARM.ActiveCfg = Release|Any CPU
		{1ADACEB7-CB42-4600-ADAB-D5223651FE9A}.Release|ARM.Build.0 = Release|Any CPU
		{1ADACEB7-CB42-4600-ADAB-D5223651FE9A}.Release|ARM64.ActiveCfg = Release|Any CPU
		{1ADACEB7-CB42-4600-ADAB-D5223651FE9A}.Release|ARM64.Build.0 = Release|Any CPU
		{1ADACEB7-CB42-4600-ADAB-D5223651FE9A}.Release|x64.ActiveCfg = Release|x64
		{1ADACEB7-CB42-4600-ADAB-D5223651FE9A}.Release|x64.Build.0 = Release|x64
		{1ADACEB7-CB42-4600-ADAB-D5223651FE9A}.Release|x86.ActiveCfg = Release|Any CPU
		{1ADACEB7-CB42-4600-ADAB-D5223651FE9A}.Release|x86.Build.0 = Release|Any CPU
		{EF3F0D87-D9D4-4971-A005-1899D08ED33C}.Debug_4.X|Any CPU.ActiveCfg = Debug_4.X|x64
		{EF3F0D87-D9D4-4971-A005-1899D08ED33C}.Debug_4.X|Any CPU.Build.0 = Debug_4.X|x64
		{EF3F0D87-D9D4-4971-A005-1899D08ED33C}.Debug_4.X|ARM.ActiveCfg = Debug_4.X|x64
		{EF3F0D87-D9D4-4971-A005-1899D08ED33C}.Debug_4.X|ARM.Build.0 = Debug_4.X|x64
		{EF3F0D87-D9D4-4971-A005-1899D08ED33C}.Debug_4.X|ARM64.ActiveCfg = Debug_4.X|x64
		{EF3F0D87-D9D4-4971-A005-1899D08ED33C}.Debug_4.X|ARM64.Build.0 = Debug_4.X|x64
		{EF3F0D87-D9D4-4971-A005-1899D08ED33C}.Debug_4.X|x64.ActiveCfg = Debug_4.X|x64
		{EF3F0D87-D9D4-4971-A005-1899D08ED33C}.Debug_4.X|x64.Build.0 = Debug_4.X|x64
		{EF3F0D87-D9D4-4971-A005-1899D08ED33C}.Debug_4.X|x86.ActiveCfg = Debug_4.X|Win32
		{EF3F0D87-D9D4-4971-A005-1899D08ED33C}.Debug_4.X|x86.Build.0 = Debug_4.X|Win32
		{EF3F0D87-D9D4-4971-A005-1899D08ED33C}.Debug|Any CPU.ActiveCfg = Debug|x64
		{EF3F0D87-D9D4-4971-A005-1899D08ED33C}.Debug|Any CPU.Build.0 = Debug|x64
		{EF3F0D87-D9D4-4971-A005-1899D08ED33C}.Debug|ARM.ActiveCfg = Debug|x64
		{EF3F0D87-D9D4-4971-A005-1899D08ED33C}.Debug|ARM.Build.0 = Debug|x64
		{EF3F0D87-D9D4-4971-A005-1899D08ED33C}.Debug|ARM64.ActiveCfg = Debug|x64
		{EF3F0D87-D9D4-4971-A005-1899D08ED33C}.Debug|ARM64.Build.0 = Debug|x64
		{EF3F0D87-D9D4-4971-A005-1899D08ED33C}.Debug|x64.ActiveCfg = Debug|x64
		{EF3F0D87-D9D4-4971-A005-1899D08ED33C}.Debug|x64.Build.0 = Debug|x64
		{EF3F0D87-D9D4-4971-A005-1899D08ED33C}.Debug|x86.ActiveCfg = Debug|Win32
		{EF3F0D87-D9D4-4971-A005-1899D08ED33C}.Debug|x86.Build.0 = Debug|Win32
		{EF3F0D87-D9D4-4971-A005-1899D08ED33C}.Release_4.X|Any CPU.ActiveCfg = Release_4.X|x64
		{EF3F0D87-D9D4-4971-A005-1899D08ED33C}.Release_4.X|Any CPU.Build.0 = Release_4.X|x64
		{EF3F0D87-D9D4-4971-A005-1899D08ED33C}.Release_4.X|ARM.ActiveCfg = Release_4.X|x64
		{EF3F0D87-D9D4-4971-A005-1899D08ED33C}.Release_4.X|ARM.Build.0 = Release_4.X|x64
		{EF3F0D87-D9D4-4971-A005-1899D08ED33C}.Release_4.X|ARM64.ActiveCfg = Release_4.X|x64
		{EF3F0D87-D9D4-4971-A005-1899D08ED33C}.Release_4.X|ARM64.Build.0 = Release_4.X|x64
		{EF3F0D87-D9D4-4971-A005-1899D08ED33C}.Release_4.X|x64.ActiveCfg = Release_4.X|x64
		{EF3F0D87-D9D4-4971-A005-1899D08ED33C}.Release_4.X|x64.Build.0 = Release_4.X|x64
		{EF3F0D87-D9D4-4971-A005-1899D08ED33C}.Release_4.X|x86.ActiveCfg = Release_4.X|Win32
		{EF3F0D87-D9D4-4971-A005-1899D08ED33C}.Release_4.X|x86.Build.0 = Release_4.X|Win32
		{EF3F0D87-D9D4-4971-A005-1899D08ED33C}.Release|Any CPU.ActiveCfg = Release|x64
		{EF3F0D87-D9D4-4971-A005-1899D08ED33C}.Release|Any CPU.Build.0 = Release|x64
		{EF3F0D87-D9D4-4971-A005-1899D08ED33C}.Release|ARM.ActiveCfg = Release|x64
		{EF3F0D87-D9D4-4971-A005-1899D08ED33C}.Release|ARM.Build.0 = Release|x64
		{EF3F0D87-D9D4-4971-A005-1899D08ED33C}.Release|ARM64.ActiveCfg = Release|x64
		{EF3F0D87-D9D4-4971-A005-1899D08ED33C}.Release|ARM64.Build.0 = Release|x64
		{EF3F0D87-D9D4-4971-A005-1899D08ED33C}.Release|x64.ActiveCfg = Release|x64
		{EF3F0D87-D9D4-4971-A005-1899D08ED33C}.Release|x64.Build.0 = Release|x64
		{EF3F0D87-D9D4-4971-A005-1899D08ED33C}.Release|x86.ActiveCfg = Release|Win32
		{EF3F0D87-D9D4-4971-A005-1899D08ED33C}.Release|x86.Build.0 = Release|Win32
		{371880B0-E9F2-464B-A521-DC6D4F4A6C0D}.Debug_4.X|Any CPU.ActiveCfg = Debug|Any CPU
		{371880B0-E9F2-464B-A521-DC6D4F4A6C0D}.Debug_4.X|Any CPU.Build.0 = Debug|Any CPU
		{371880B0-E9F2-464B-A521-DC6D4F4A6C0D}.Debug_4.X|ARM.ActiveCfg = Debug|Any CPU
		{371880B0-E9F2-464B-A521-DC6D4F4A6C0D}.Debug_4.X|ARM.Build.0 = Debug|Any CPU
		{371880B0-E9F2-464B-A521-DC6D4F4A6C0D}.Debug_4.X|ARM64.ActiveCfg = Debug|Any CPU
		{371880B0-E9F2-464B-A521-DC6D4F4A6C0D}.Debug_4.X|ARM64.Build.0 = Debug|Any CPU
		{371880B0-E9F2-464B-A521-DC6D4F4A6C0D}.Debug_4.X|x64.ActiveCfg = Debug|Any CPU
		{371880B0-E9F2-464B-A521-DC6D4F4A6C0D}.Debug_4.X|x64.Build.0 = Debug|Any CPU
		{371880B0-E9F2-464B-A521-DC6D4F4A6C0D}.Debug_4.X|x86.ActiveCfg = Debug|Any CPU
		{371880B0-E9F2-464B-A521-DC6D4F4A6C0D}.Debug_4.X|x86.Build.0 = Debug|Any CPU
		{371880B0-E9F2-464B-A521-DC6D4F4A6C0D}.Debug|Any CPU.ActiveCfg = Debug|Any CPU
		{371880B0-E9F2-464B-A521-DC6D4F4A6C0D}.Debug|Any CPU.Build.0 = Debug|Any CPU
		{371880B0-E9F2-464B-A521-DC6D4F4A6C0D}.Debug|ARM.ActiveCfg = Debug|Any CPU
		{371880B0-E9F2-464B-A521-DC6D4F4A6C0D}.Debug|ARM.Build.0 = Debug|Any CPU
		{371880B0-E9F2-464B-A521-DC6D4F4A6C0D}.Debug|ARM64.ActiveCfg = Debug|Any CPU
		{371880B0-E9F2-464B-A521-DC6D4F4A6C0D}.Debug|ARM64.Build.0 = Debug|Any CPU
		{371880B0-E9F2-464B-A521-DC6D4F4A6C0D}.Debug|x64.ActiveCfg = Debug|Any CPU
		{371880B0-E9F2-464B-A521-DC6D4F4A6C0D}.Debug|x64.Build.0 = Debug|Any CPU
		{371880B0-E9F2-464B-A521-DC6D4F4A6C0D}.Debug|x86.ActiveCfg = Debug|Any CPU
		{371880B0-E9F2-464B-A521-DC6D4F4A6C0D}.Debug|x86.Build.0 = Debug|Any CPU
		{371880B0-E9F2-464B-A521-DC6D4F4A6C0D}.Release_4.X|Any CPU.ActiveCfg = Release|Any CPU
		{371880B0-E9F2-464B-A521-DC6D4F4A6C0D}.Release_4.X|Any CPU.Build.0 = Release|Any CPU
		{371880B0-E9F2-464B-A521-DC6D4F4A6C0D}.Release_4.X|ARM.ActiveCfg = Release|Any CPU
		{371880B0-E9F2-464B-A521-DC6D4F4A6C0D}.Release_4.X|ARM.Build.0 = Release|Any CPU
		{371880B0-E9F2-464B-A521-DC6D4F4A6C0D}.Release_4.X|ARM64.ActiveCfg = Release|Any CPU
		{371880B0-E9F2-464B-A521-DC6D4F4A6C0D}.Release_4.X|ARM64.Build.0 = Release|Any CPU
		{371880B0-E9F2-464B-A521-DC6D4F4A6C0D}.Release_4.X|x64.ActiveCfg = Release|Any CPU
		{371880B0-E9F2-464B-A521-DC6D4F4A6C0D}.Release_4.X|x64.Build.0 = Release|Any CPU
		{371880B0-E9F2-464B-A521-DC6D4F4A6C0D}.Release_4.X|x86.ActiveCfg = Release|Any CPU
		{371880B0-E9F2-464B-A521-DC6D4F4A6C0D}.Release_4.X|x86.Build.0 = Release|Any CPU
		{371880B0-E9F2-464B-A521-DC6D4F4A6C0D}.Release|Any CPU.ActiveCfg = Release|Any CPU
		{371880B0-E9F2-464B-A521-DC6D4F4A6C0D}.Release|Any CPU.Build.0 = Release|Any CPU
		{371880B0-E9F2-464B-A521-DC6D4F4A6C0D}.Release|ARM.ActiveCfg = Release|Any CPU
		{371880B0-E9F2-464B-A521-DC6D4F4A6C0D}.Release|ARM.Build.0 = Release|Any CPU
		{371880B0-E9F2-464B-A521-DC6D4F4A6C0D}.Release|ARM64.ActiveCfg = Release|Any CPU
		{371880B0-E9F2-464B-A521-DC6D4F4A6C0D}.Release|ARM64.Build.0 = Release|Any CPU
		{371880B0-E9F2-464B-A521-DC6D4F4A6C0D}.Release|x64.ActiveCfg = Release|Any CPU
		{371880B0-E9F2-464B-A521-DC6D4F4A6C0D}.Release|x64.Build.0 = Release|Any CPU
		{371880B0-E9F2-464B-A521-DC6D4F4A6C0D}.Release|x86.ActiveCfg = Release|Any CPU
		{371880B0-E9F2-464B-A521-DC6D4F4A6C0D}.Release|x86.Build.0 = Release|Any CPU
		{8CAF143E-0DE7-4856-B0B8-FD22932A3C22}.Debug_4.X|Any CPU.ActiveCfg = Debug|Any CPU
		{8CAF143E-0DE7-4856-B0B8-FD22932A3C22}.Debug_4.X|Any CPU.Build.0 = Debug|Any CPU
		{8CAF143E-0DE7-4856-B0B8-FD22932A3C22}.Debug_4.X|ARM.ActiveCfg = Debug|Any CPU
		{8CAF143E-0DE7-4856-B0B8-FD22932A3C22}.Debug_4.X|ARM.Build.0 = Debug|Any CPU
		{8CAF143E-0DE7-4856-B0B8-FD22932A3C22}.Debug_4.X|ARM64.ActiveCfg = Debug|Any CPU
		{8CAF143E-0DE7-4856-B0B8-FD22932A3C22}.Debug_4.X|ARM64.Build.0 = Debug|Any CPU
		{8CAF143E-0DE7-4856-B0B8-FD22932A3C22}.Debug_4.X|x64.ActiveCfg = Debug|Any CPU
		{8CAF143E-0DE7-4856-B0B8-FD22932A3C22}.Debug_4.X|x64.Build.0 = Debug|Any CPU
		{8CAF143E-0DE7-4856-B0B8-FD22932A3C22}.Debug_4.X|x86.ActiveCfg = Debug|Any CPU
		{8CAF143E-0DE7-4856-B0B8-FD22932A3C22}.Debug_4.X|x86.Build.0 = Debug|Any CPU
		{8CAF143E-0DE7-4856-B0B8-FD22932A3C22}.Debug|Any CPU.ActiveCfg = Debug|Any CPU
		{8CAF143E-0DE7-4856-B0B8-FD22932A3C22}.Debug|Any CPU.Build.0 = Debug|Any CPU
		{8CAF143E-0DE7-4856-B0B8-FD22932A3C22}.Debug|ARM.ActiveCfg = Debug|Any CPU
		{8CAF143E-0DE7-4856-B0B8-FD22932A3C22}.Debug|ARM.Build.0 = Debug|Any CPU
		{8CAF143E-0DE7-4856-B0B8-FD22932A3C22}.Debug|ARM64.ActiveCfg = Debug|Any CPU
		{8CAF143E-0DE7-4856-B0B8-FD22932A3C22}.Debug|ARM64.Build.0 = Debug|Any CPU
		{8CAF143E-0DE7-4856-B0B8-FD22932A3C22}.Debug|x64.ActiveCfg = Debug|Any CPU
		{8CAF143E-0DE7-4856-B0B8-FD22932A3C22}.Debug|x64.Build.0 = Debug|Any CPU
		{8CAF143E-0DE7-4856-B0B8-FD22932A3C22}.Debug|x86.ActiveCfg = Debug|Any CPU
		{8CAF143E-0DE7-4856-B0B8-FD22932A3C22}.Debug|x86.Build.0 = Debug|Any CPU
		{8CAF143E-0DE7-4856-B0B8-FD22932A3C22}.Release_4.X|Any CPU.ActiveCfg = Release|Any CPU
		{8CAF143E-0DE7-4856-B0B8-FD22932A3C22}.Release_4.X|Any CPU.Build.0 = Release|Any CPU
		{8CAF143E-0DE7-4856-B0B8-FD22932A3C22}.Release_4.X|ARM.ActiveCfg = Release|Any CPU
		{8CAF143E-0DE7-4856-B0B8-FD22932A3C22}.Release_4.X|ARM.Build.0 = Release|Any CPU
		{8CAF143E-0DE7-4856-B0B8-FD22932A3C22}.Release_4.X|ARM64.ActiveCfg = Release|Any CPU
		{8CAF143E-0DE7-4856-B0B8-FD22932A3C22}.Release_4.X|ARM64.Build.0 = Release|Any CPU
		{8CAF143E-0DE7-4856-B0B8-FD22932A3C22}.Release_4.X|x64.ActiveCfg = Release|Any CPU
		{8CAF143E-0DE7-4856-B0B8-FD22932A3C22}.Release_4.X|x64.Build.0 = Release|Any CPU
		{8CAF143E-0DE7-4856-B0B8-FD22932A3C22}.Release_4.X|x86.ActiveCfg = Release|Any CPU
		{8CAF143E-0DE7-4856-B0B8-FD22932A3C22}.Release_4.X|x86.Build.0 = Release|Any CPU
		{8CAF143E-0DE7-4856-B0B8-FD22932A3C22}.Release|Any CPU.ActiveCfg = Release|Any CPU
		{8CAF143E-0DE7-4856-B0B8-FD22932A3C22}.Release|Any CPU.Build.0 = Release|Any CPU
		{8CAF143E-0DE7-4856-B0B8-FD22932A3C22}.Release|ARM.ActiveCfg = Release|Any CPU
		{8CAF143E-0DE7-4856-B0B8-FD22932A3C22}.Release|ARM.Build.0 = Release|Any CPU
		{8CAF143E-0DE7-4856-B0B8-FD22932A3C22}.Release|ARM64.ActiveCfg = Release|Any CPU
		{8CAF143E-0DE7-4856-B0B8-FD22932A3C22}.Release|ARM64.Build.0 = Release|Any CPU
		{8CAF143E-0DE7-4856-B0B8-FD22932A3C22}.Release|x64.ActiveCfg = Release|Any CPU
		{8CAF143E-0DE7-4856-B0B8-FD22932A3C22}.Release|x64.Build.0 = Release|Any CPU
		{8CAF143E-0DE7-4856-B0B8-FD22932A3C22}.Release|x86.ActiveCfg = Release|Any CPU
		{8CAF143E-0DE7-4856-B0B8-FD22932A3C22}.Release|x86.Build.0 = Release|Any CPU
		{63323556-7B47-4F76-9B9F-D23AE4AA7CEC}.Debug_4.X|Any CPU.ActiveCfg = Debug|Any CPU
		{63323556-7B47-4F76-9B9F-D23AE4AA7CEC}.Debug_4.X|Any CPU.Build.0 = Debug|Any CPU
		{63323556-7B47-4F76-9B9F-D23AE4AA7CEC}.Debug_4.X|ARM.ActiveCfg = Debug|Any CPU
		{63323556-7B47-4F76-9B9F-D23AE4AA7CEC}.Debug_4.X|ARM.Build.0 = Debug|Any CPU
		{63323556-7B47-4F76-9B9F-D23AE4AA7CEC}.Debug_4.X|ARM64.ActiveCfg = Debug|Any CPU
		{63323556-7B47-4F76-9B9F-D23AE4AA7CEC}.Debug_4.X|ARM64.Build.0 = Debug|Any CPU
		{63323556-7B47-4F76-9B9F-D23AE4AA7CEC}.Debug_4.X|x64.ActiveCfg = Debug|Any CPU
		{63323556-7B47-4F76-9B9F-D23AE4AA7CEC}.Debug_4.X|x64.Build.0 = Debug|Any CPU
		{63323556-7B47-4F76-9B9F-D23AE4AA7CEC}.Debug_4.X|x86.ActiveCfg = Debug|Any CPU
		{63323556-7B47-4F76-9B9F-D23AE4AA7CEC}.Debug_4.X|x86.Build.0 = Debug|Any CPU
		{63323556-7B47-4F76-9B9F-D23AE4AA7CEC}.Debug|Any CPU.ActiveCfg = Debug|Any CPU
		{63323556-7B47-4F76-9B9F-D23AE4AA7CEC}.Debug|Any CPU.Build.0 = Debug|Any CPU
		{63323556-7B47-4F76-9B9F-D23AE4AA7CEC}.Debug|ARM.ActiveCfg = Debug|Any CPU
		{63323556-7B47-4F76-9B9F-D23AE4AA7CEC}.Debug|ARM.Build.0 = Debug|Any CPU
		{63323556-7B47-4F76-9B9F-D23AE4AA7CEC}.Debug|ARM64.ActiveCfg = Debug|Any CPU
		{63323556-7B47-4F76-9B9F-D23AE4AA7CEC}.Debug|ARM64.Build.0 = Debug|Any CPU
		{63323556-7B47-4F76-9B9F-D23AE4AA7CEC}.Debug|x64.ActiveCfg = Debug|Any CPU
		{63323556-7B47-4F76-9B9F-D23AE4AA7CEC}.Debug|x64.Build.0 = Debug|Any CPU
		{63323556-7B47-4F76-9B9F-D23AE4AA7CEC}.Debug|x86.ActiveCfg = Debug|Any CPU
		{63323556-7B47-4F76-9B9F-D23AE4AA7CEC}.Debug|x86.Build.0 = Debug|Any CPU
		{63323556-7B47-4F76-9B9F-D23AE4AA7CEC}.Release_4.X|Any CPU.ActiveCfg = Release|Any CPU
		{63323556-7B47-4F76-9B9F-D23AE4AA7CEC}.Release_4.X|Any CPU.Build.0 = Release|Any CPU
		{63323556-7B47-4F76-9B9F-D23AE4AA7CEC}.Release_4.X|ARM.ActiveCfg = Release|Any CPU
		{63323556-7B47-4F76-9B9F-D23AE4AA7CEC}.Release_4.X|ARM.Build.0 = Release|Any CPU
		{63323556-7B47-4F76-9B9F-D23AE4AA7CEC}.Release_4.X|ARM64.ActiveCfg = Release|Any CPU
		{63323556-7B47-4F76-9B9F-D23AE4AA7CEC}.Release_4.X|ARM64.Build.0 = Release|Any CPU
		{63323556-7B47-4F76-9B9F-D23AE4AA7CEC}.Release_4.X|x64.ActiveCfg = Release|Any CPU
		{63323556-7B47-4F76-9B9F-D23AE4AA7CEC}.Release_4.X|x64.Build.0 = Release|Any CPU
		{63323556-7B47-4F76-9B9F-D23AE4AA7CEC}.Release_4.X|x86.ActiveCfg = Release|Any CPU
		{63323556-7B47-4F76-9B9F-D23AE4AA7CEC}.Release_4.X|x86.Build.0 = Release|Any CPU
		{63323556-7B47-4F76-9B9F-D23AE4AA7CEC}.Release|Any CPU.ActiveCfg = Release|Any CPU
		{63323556-7B47-4F76-9B9F-D23AE4AA7CEC}.Release|Any CPU.Build.0 = Release|Any CPU
		{63323556-7B47-4F76-9B9F-D23AE4AA7CEC}.Release|ARM.ActiveCfg = Release|Any CPU
		{63323556-7B47-4F76-9B9F-D23AE4AA7CEC}.Release|ARM.Build.0 = Release|Any CPU
		{63323556-7B47-4F76-9B9F-D23AE4AA7CEC}.Release|ARM64.ActiveCfg = Release|Any CPU
		{63323556-7B47-4F76-9B9F-D23AE4AA7CEC}.Release|ARM64.Build.0 = Release|Any CPU
		{63323556-7B47-4F76-9B9F-D23AE4AA7CEC}.Release|x64.ActiveCfg = Release|Any CPU
		{63323556-7B47-4F76-9B9F-D23AE4AA7CEC}.Release|x64.Build.0 = Release|Any CPU
		{63323556-7B47-4F76-9B9F-D23AE4AA7CEC}.Release|x86.ActiveCfg = Release|Any CPU
		{63323556-7B47-4F76-9B9F-D23AE4AA7CEC}.Release|x86.Build.0 = Release|Any CPU
		{5B39402C-FCBE-4A68-A528-B09AD1A50AA9}.Debug_4.X|Any CPU.ActiveCfg = Debug|Any CPU
		{5B39402C-FCBE-4A68-A528-B09AD1A50AA9}.Debug_4.X|Any CPU.Build.0 = Debug|Any CPU
		{5B39402C-FCBE-4A68-A528-B09AD1A50AA9}.Debug_4.X|ARM.ActiveCfg = Debug|Any CPU
		{5B39402C-FCBE-4A68-A528-B09AD1A50AA9}.Debug_4.X|ARM.Build.0 = Debug|Any CPU
		{5B39402C-FCBE-4A68-A528-B09AD1A50AA9}.Debug_4.X|ARM64.ActiveCfg = Debug|Any CPU
		{5B39402C-FCBE-4A68-A528-B09AD1A50AA9}.Debug_4.X|ARM64.Build.0 = Debug|Any CPU
		{5B39402C-FCBE-4A68-A528-B09AD1A50AA9}.Debug_4.X|x64.ActiveCfg = Debug|Any CPU
		{5B39402C-FCBE-4A68-A528-B09AD1A50AA9}.Debug_4.X|x64.Build.0 = Debug|Any CPU
		{5B39402C-FCBE-4A68-A528-B09AD1A50AA9}.Debug_4.X|x86.ActiveCfg = Debug|Any CPU
		{5B39402C-FCBE-4A68-A528-B09AD1A50AA9}.Debug_4.X|x86.Build.0 = Debug|Any CPU
		{5B39402C-FCBE-4A68-A528-B09AD1A50AA9}.Debug|Any CPU.ActiveCfg = Debug|Any CPU
		{5B39402C-FCBE-4A68-A528-B09AD1A50AA9}.Debug|Any CPU.Build.0 = Debug|Any CPU
		{5B39402C-FCBE-4A68-A528-B09AD1A50AA9}.Debug|ARM.ActiveCfg = Debug|Any CPU
		{5B39402C-FCBE-4A68-A528-B09AD1A50AA9}.Debug|ARM.Build.0 = Debug|Any CPU
		{5B39402C-FCBE-4A68-A528-B09AD1A50AA9}.Debug|ARM64.ActiveCfg = Debug|Any CPU
		{5B39402C-FCBE-4A68-A528-B09AD1A50AA9}.Debug|ARM64.Build.0 = Debug|Any CPU
		{5B39402C-FCBE-4A68-A528-B09AD1A50AA9}.Debug|x64.ActiveCfg = Debug|Any CPU
		{5B39402C-FCBE-4A68-A528-B09AD1A50AA9}.Debug|x64.Build.0 = Debug|Any CPU
		{5B39402C-FCBE-4A68-A528-B09AD1A50AA9}.Debug|x86.ActiveCfg = Debug|Any CPU
		{5B39402C-FCBE-4A68-A528-B09AD1A50AA9}.Debug|x86.Build.0 = Debug|Any CPU
		{5B39402C-FCBE-4A68-A528-B09AD1A50AA9}.Release_4.X|Any CPU.ActiveCfg = Release|Any CPU
		{5B39402C-FCBE-4A68-A528-B09AD1A50AA9}.Release_4.X|Any CPU.Build.0 = Release|Any CPU
		{5B39402C-FCBE-4A68-A528-B09AD1A50AA9}.Release_4.X|ARM.ActiveCfg = Release|Any CPU
		{5B39402C-FCBE-4A68-A528-B09AD1A50AA9}.Release_4.X|ARM.Build.0 = Release|Any CPU
		{5B39402C-FCBE-4A68-A528-B09AD1A50AA9}.Release_4.X|ARM64.ActiveCfg = Release|Any CPU
		{5B39402C-FCBE-4A68-A528-B09AD1A50AA9}.Release_4.X|ARM64.Build.0 = Release|Any CPU
		{5B39402C-FCBE-4A68-A528-B09AD1A50AA9}.Release_4.X|x64.ActiveCfg = Release|Any CPU
		{5B39402C-FCBE-4A68-A528-B09AD1A50AA9}.Release_4.X|x64.Build.0 = Release|Any CPU
		{5B39402C-FCBE-4A68-A528-B09AD1A50AA9}.Release_4.X|x86.ActiveCfg = Release|Any CPU
		{5B39402C-FCBE-4A68-A528-B09AD1A50AA9}.Release_4.X|x86.Build.0 = Release|Any CPU
		{5B39402C-FCBE-4A68-A528-B09AD1A50AA9}.Release|Any CPU.ActiveCfg = Release|Any CPU
		{5B39402C-FCBE-4A68-A528-B09AD1A50AA9}.Release|Any CPU.Build.0 = Release|Any CPU
		{5B39402C-FCBE-4A68-A528-B09AD1A50AA9}.Release|ARM.ActiveCfg = Release|Any CPU
		{5B39402C-FCBE-4A68-A528-B09AD1A50AA9}.Release|ARM.Build.0 = Release|Any CPU
		{5B39402C-FCBE-4A68-A528-B09AD1A50AA9}.Release|ARM64.ActiveCfg = Release|Any CPU
		{5B39402C-FCBE-4A68-A528-B09AD1A50AA9}.Release|ARM64.Build.0 = Release|Any CPU
		{5B39402C-FCBE-4A68-A528-B09AD1A50AA9}.Release|x64.ActiveCfg = Release|Any CPU
		{5B39402C-FCBE-4A68-A528-B09AD1A50AA9}.Release|x64.Build.0 = Release|Any CPU
		{5B39402C-FCBE-4A68-A528-B09AD1A50AA9}.Release|x86.ActiveCfg = Release|Any CPU
		{5B39402C-FCBE-4A68-A528-B09AD1A50AA9}.Release|x86.Build.0 = Release|Any CPU
		{5BAE70E4-AEEA-49F5-83D2-CD663CCEDCA2}.Debug_4.X|Any CPU.ActiveCfg = Debug|Any CPU
		{5BAE70E4-AEEA-49F5-83D2-CD663CCEDCA2}.Debug_4.X|Any CPU.Build.0 = Debug|Any CPU
		{5BAE70E4-AEEA-49F5-83D2-CD663CCEDCA2}.Debug_4.X|ARM.ActiveCfg = Debug|Any CPU
		{5BAE70E4-AEEA-49F5-83D2-CD663CCEDCA2}.Debug_4.X|ARM.Build.0 = Debug|Any CPU
		{5BAE70E4-AEEA-49F5-83D2-CD663CCEDCA2}.Debug_4.X|ARM64.ActiveCfg = Debug|Any CPU
		{5BAE70E4-AEEA-49F5-83D2-CD663CCEDCA2}.Debug_4.X|ARM64.Build.0 = Debug|Any CPU
		{5BAE70E4-AEEA-49F5-83D2-CD663CCEDCA2}.Debug_4.X|x64.ActiveCfg = Debug|Any CPU
		{5BAE70E4-AEEA-49F5-83D2-CD663CCEDCA2}.Debug_4.X|x64.Build.0 = Debug|Any CPU
		{5BAE70E4-AEEA-49F5-83D2-CD663CCEDCA2}.Debug_4.X|x86.ActiveCfg = Debug|Any CPU
		{5BAE70E4-AEEA-49F5-83D2-CD663CCEDCA2}.Debug_4.X|x86.Build.0 = Debug|Any CPU
		{5BAE70E4-AEEA-49F5-83D2-CD663CCEDCA2}.Debug|Any CPU.ActiveCfg = Debug|Any CPU
		{5BAE70E4-AEEA-49F5-83D2-CD663CCEDCA2}.Debug|Any CPU.Build.0 = Debug|Any CPU
		{5BAE70E4-AEEA-49F5-83D2-CD663CCEDCA2}.Debug|ARM.ActiveCfg = Debug|Any CPU
		{5BAE70E4-AEEA-49F5-83D2-CD663CCEDCA2}.Debug|ARM.Build.0 = Debug|Any CPU
		{5BAE70E4-AEEA-49F5-83D2-CD663CCEDCA2}.Debug|ARM64.ActiveCfg = Debug|Any CPU
		{5BAE70E4-AEEA-49F5-83D2-CD663CCEDCA2}.Debug|ARM64.Build.0 = Debug|Any CPU
		{5BAE70E4-AEEA-49F5-83D2-CD663CCEDCA2}.Debug|x64.ActiveCfg = Debug|Any CPU
		{5BAE70E4-AEEA-49F5-83D2-CD663CCEDCA2}.Debug|x64.Build.0 = Debug|Any CPU
		{5BAE70E4-AEEA-49F5-83D2-CD663CCEDCA2}.Debug|x86.ActiveCfg = Debug|Any CPU
		{5BAE70E4-AEEA-49F5-83D2-CD663CCEDCA2}.Debug|x86.Build.0 = Debug|Any CPU
		{5BAE70E4-AEEA-49F5-83D2-CD663CCEDCA2}.Release_4.X|Any CPU.ActiveCfg = Release|Any CPU
		{5BAE70E4-AEEA-49F5-83D2-CD663CCEDCA2}.Release_4.X|Any CPU.Build.0 = Release|Any CPU
		{5BAE70E4-AEEA-49F5-83D2-CD663CCEDCA2}.Release_4.X|ARM.ActiveCfg = Release|Any CPU
		{5BAE70E4-AEEA-49F5-83D2-CD663CCEDCA2}.Release_4.X|ARM.Build.0 = Release|Any CPU
		{5BAE70E4-AEEA-49F5-83D2-CD663CCEDCA2}.Release_4.X|ARM64.ActiveCfg = Release|Any CPU
		{5BAE70E4-AEEA-49F5-83D2-CD663CCEDCA2}.Release_4.X|ARM64.Build.0 = Release|Any CPU
		{5BAE70E4-AEEA-49F5-83D2-CD663CCEDCA2}.Release_4.X|x64.ActiveCfg = Release|Any CPU
		{5BAE70E4-AEEA-49F5-83D2-CD663CCEDCA2}.Release_4.X|x64.Build.0 = Release|Any CPU
		{5BAE70E4-AEEA-49F5-83D2-CD663CCEDCA2}.Release_4.X|x86.ActiveCfg = Release|Any CPU
		{5BAE70E4-AEEA-49F5-83D2-CD663CCEDCA2}.Release_4.X|x86.Build.0 = Release|Any CPU
		{5BAE70E4-AEEA-49F5-83D2-CD663CCEDCA2}.Release|Any CPU.ActiveCfg = Release|Any CPU
		{5BAE70E4-AEEA-49F5-83D2-CD663CCEDCA2}.Release|Any CPU.Build.0 = Release|Any CPU
		{5BAE70E4-AEEA-49F5-83D2-CD663CCEDCA2}.Release|ARM.ActiveCfg = Release|Any CPU
		{5BAE70E4-AEEA-49F5-83D2-CD663CCEDCA2}.Release|ARM.Build.0 = Release|Any CPU
		{5BAE70E4-AEEA-49F5-83D2-CD663CCEDCA2}.Release|ARM64.ActiveCfg = Release|Any CPU
		{5BAE70E4-AEEA-49F5-83D2-CD663CCEDCA2}.Release|ARM64.Build.0 = Release|Any CPU
		{5BAE70E4-AEEA-49F5-83D2-CD663CCEDCA2}.Release|x64.ActiveCfg = Release|Any CPU
		{5BAE70E4-AEEA-49F5-83D2-CD663CCEDCA2}.Release|x64.Build.0 = Release|Any CPU
		{5BAE70E4-AEEA-49F5-83D2-CD663CCEDCA2}.Release|x86.ActiveCfg = Release|Any CPU
		{5BAE70E4-AEEA-49F5-83D2-CD663CCEDCA2}.Release|x86.Build.0 = Release|Any CPU
	EndGlobalSection
	GlobalSection(SolutionProperties) = preSolution
		HideSolutionNode = FALSE
	EndGlobalSection
	GlobalSection(ExtensibilityGlobals) = postSolution
		SolutionGuid = {DB6D5A7F-549F-4FDB-9116-E7FB67AC6293}
	EndGlobalSection
EndGlobal
