
Microsoft Visual Studio Solution File, Format Version 12.00
# Visual Studio Version 17
VisualStudioVersion = 17.14.36414.22 d17.14
MinimumVisualStudioVersion = 10.0.40219.1
Project("{FAE04EC0-301F-11D3-BF4B-00C04F79EFBC}") = "PLC_Communication", "PLC_Communication.csproj", "{9E6ABFB9-0950-D1AB-7254-72417F473DD0}"
EndProject
Global
	GlobalSection(SolutionConfigurationPlatforms) = preSolution
		Debug|Any CPU = Debug|Any CPU
		Release|Any CPU = Release|Any CPU
	EndGlobalSection
	GlobalSection(ProjectConfigurationPlatforms) = postSolution
		{9E6ABFB9-0950-D1AB-7254-72417F473DD0}.Debug|Any CPU.ActiveCfg = Debug|Any CPU
		{9E6ABFB9-0950-D1AB-7254-72417F473DD0}.Debug|Any CPU.Build.0 = Debug|Any CPU
		{9E6ABFB9-0950-D1AB-7254-72417F473DD0}.Release|Any CPU.ActiveCfg = Release|Any CPU
		{9E6ABFB9-0950-D1AB-7254-72417F473DD0}.Release|Any CPU.Build.0 = Release|Any CPU
	EndGlobalSection
	GlobalSection(SolutionProperties) = preSolution
		HideSolutionNode = FALSE
	EndGlobalSection
	GlobalSection(ExtensibilityGlobals) = postSolution
		SolutionGuid = {5EF2C637-E366-4854-B98E-9BBEC5FD8667}
	EndGlobalSection
EndGlobal
