<?xml version="1.0" encoding="utf-8"?>
<Project ToolsVersion="4.0" xmlns="http://schemas.microsoft.com/developer/msbuild/2003">
  <ItemGroup>
    <ClCompile Include="BarcodeCli.cpp" />
    <ClCompile Include="BarcodeCore.cpp" />
    <ClCompile Include="ColorArea.cpp" />
    <ClCompile Include="ColorPixels.cpp" />
    <ClCompile Include="DebugDraw.cpp" />
    <ClCompile Include="FiltersCli.cpp" />
    <ClCompile Include="Global.cpp" />
    <ClCompile Include="Pattern.cpp" />
    <ClCompile Include="PitchCli.cpp" />
    <ClCompile Include="PitchCore.cpp" />
    <ClCompile Include="RansacLineCli.cpp" />
    <ClCompile Include="RansacLineCore.cpp" />
    <ClCompile Include="barcode_pca_autoclass.cpp" />
    <ClCompile Include="MonoSegCore.cpp" />
    <ClCompile Include="MonoSegCli.cpp" />
    <ClCompile Include="Pattern2.cpp" />
  </ItemGroup>
  <ItemGroup>
    <ClInclude Include="BarcodeCli.h" />
    <ClInclude Include="BarcodeCore.h" />
    <ClInclude Include="ColorArea.h" />
    <ClInclude Include="ColorPixel.h" />
    <ClInclude Include="DebugDraw.h" />
    <ClInclude Include="FiltersCli.h" />
    <ClInclude Include="FiltersCore.hpp" />
    <ClInclude Include="Global.h" />
    <ClInclude Include="Pattern.h" />
    <ClInclude Include="PitchCli.h" />
    <ClInclude Include="PitchCore.h" />
    <ClInclude Include="RansacLineCli.h" />
    <ClInclude Include="RansacLineCore.h" />
    <ClInclude Include="resource.h" />
    <ClInclude Include="version.h" />
    <ClInclude Include="barcode_pca_autoclass.hpp" />
    <ClInclude Include="Align.h" />
    <ClInclude Include="MonoSegCore.h" />
    <ClInclude Include="MonoSegCli.h" />
    <ClInclude Include="Pattern2.h" />
  </ItemGroup>
  <ItemGroup>
    <ResourceCompile Include="BeeCpp.rc" />
  </ItemGroup>
  <ItemGroup>
    <Filter Include="Backup">
      <UniqueIdentifier>{7fbc3956-84ab-43e3-be5a-11fa549c3ff9}</UniqueIdentifier>
    </Filter>
  </ItemGroup>
  <ItemGroup>
    <None Include="$(AppLogoIco)" />
    <None Include="$(AppLogoIco)" />
    <None Include="$(AppLogoIco)" />
  </ItemGroup>
</Project>